
Microsoft Visual Studio Solution File, Format Version 12.00
# Visual Studio Version 17
VisualStudioVersion = 17.0.31903.59
MinimumVisualStudioVersion = 10.0.40219.1
Project("{FAE04EC0-301F-11D3-BF4B-00C04F79EFBC}") = "VoiceAssistant.Core", "VoiceAssistant.Core\VoiceAssistant.Core.csproj", "{6ABEC65B-56FC-4D85-A44F-504CEF27F0AB}"
EndProject
Project("{FAE04EC0-301F-11D3-BF4B-00C04F79EFBC}") = "VoiceAssistant.Service", "VoiceAssistant.Service\VoiceAssistant.Service.csproj", "{BFE62DB8-EB5B-4E74-A863-450CFF5B6CF1}"
EndProject
Project("{FAE04EC0-301F-11D3-BF4B-00C04F79EFBC}") = "VoiceAssistant.UI", "VoiceAssistant.UI\VoiceAssistant.UI.csproj", "{AC370565-541A-45C4-ADDE-19FC364002FB}"
EndProject
Global
	GlobalSection(SolutionConfigurationPlatforms) = preSolution
		Debug|Any CPU = Debug|Any CPU
		Release|Any CPU = Release|Any CPU
	EndGlobalSection
	GlobalSection(SolutionProperties) = preSolution
		HideSolutionNode = FALSE
	EndGlobalSection
	GlobalSection(ProjectConfigurationPlatforms) = postSolution
		{6ABEC65B-56FC-4D85-A44F-504CEF27F0AB}.Debug|Any CPU.ActiveCfg = Debug|Any CPU
		{6ABEC65B-56FC-4D85-A44F-504CEF27F0AB}.Debug|Any CPU.Build.0 = Debug|Any CPU
		{6ABEC65B-56FC-4D85-A44F-504CEF27F0AB}.Release|Any CPU.ActiveCfg = Release|Any CPU
		{6ABEC65B-56FC-4D85-A44F-504CEF27F0AB}.Release|Any CPU.Build.0 = Release|Any CPU
		{BFE62DB8-EB5B-4E74-A863-450CFF5B6CF1}.Debug|Any CPU.ActiveCfg = Debug|Any CPU
		{BFE62DB8-EB5B-4E74-A863-450CFF5B6CF1}.Debug|Any CPU.Build.0 = Debug|Any CPU
		{BFE62DB8-EB5B-4E74-A863-450CFF5B6CF1}.Release|Any CPU.ActiveCfg = Release|Any CPU
		{BFE62DB8-EB5B-4E74-A863-450CFF5B6CF1}.Release|Any CPU.Build.0 = Release|Any CPU
		{AC370565-541A-45C4-ADDE-19FC364002FB}.Debug|Any CPU.ActiveCfg = Debug|Any CPU
		{AC370565-541A-45C4-ADDE-19FC364002FB}.Debug|Any CPU.Build.0 = Debug|Any CPU
		{AC370565-541A-45C4-ADDE-19FC364002FB}.Release|Any CPU.ActiveCfg = Release|Any CPU
		{AC370565-541A-45C4-ADDE-19FC364002FB}.Release|Any CPU.Build.0 = Release|Any CPU
	EndGlobalSection
EndGlobal
